// !$*UTF8*$!
{
	archiveVersion = 1;
	classes = {
	};
	objectVersion = 46;
	objects = {

/* Begin PBXBuildFile section */
		7A045F8C15C67604002D78CA /* Cocoa.framework in Frameworks */ = {isa = PBXBuildFile; fileRef = 7A045F8B15C67604002D78CA /* Cocoa.framework */; };
		7A045F9615C67604002D78CA /* InfoPlist.strings in Resources */ = {isa = PBXBuildFile; fileRef = 7A045F9415C67604002D78CA /* InfoPlist.strings */; };
		7A045F9815C67604002D78CA /* main.m in Sources */ = {isa = PBXBuildFile; fileRef = 7A045F9715C67604002D78CA /* main.m */; };
		7A045F9C15C67604002D78CA /* Credits.rtf in Resources */ = {isa = PBXBuildFile; fileRef = 7A045F9A15C67604002D78CA /* Credits.rtf */; };
		7A045F9F15C67604002D78CA /* AFAppDelegate.m in Sources */ = {isa = PBXBuildFile; fileRef = 7A045F9E15C67604002D78CA /* AFAppDelegate.m */; };
		7A045FA215C67604002D78CA /* MainMenu.xib in Resources */ = {isa = PBXBuildFile; fileRef = 7A045FA015C67604002D78CA /* MainMenu.xib */; };
		7A09CB7615C695C700747FCA /* FacebookIcon.icns in Resources */ = {isa = PBXBuildFile; fileRef = 7A09CB7515C695C700747FCA /* FacebookIcon.icns */; };
		7A3CB38915C7ACD50009B0DB /* FacebookNotification.m in Sources */ = {isa = PBXBuildFile; fileRef = 7A3CB38815C7ACD50009B0DB /* FacebookNotification.m */; };
		7A577C7315C6ACB600D78DBB /* fb_connected.png in Resources */ = {isa = PBXBuildFile; fileRef = 7A577C7115C6ACB600D78DBB /* fb_connected.png */; };
		7A577C7415C6ACB600D78DBB /* fb_offline.png in Resources */ = {isa = PBXBuildFile; fileRef = 7A577C7215C6ACB600D78DBB /* fb_offline.png */; };
		7A93D90515C9383D00345F08 /* PhFacebook.framework in Frameworks */ = {isa = PBXBuildFile; fileRef = 7AAB4A2815C937F500C143CB /* PhFacebook.framework */; };
		7A93D90715C9389400345F08 /* PhFacebook.framework in CopyFiles */ = {isa = PBXBuildFile; fileRef = 7AAB4A2815C937F500C143CB /* PhFacebook.framework */; };
		7ADB1D8F15C9320C00EF983C /* Readme.md in Resources */ = {isa = PBXBuildFile; fileRef = 7ADB1D8E15C9320C00EF983C /* Readme.md */; };
/* End PBXBuildFile section */

/* Begin PBXContainerItemProxy section */
		7AAB4A2715C937F500C143CB /* PBXContainerItemProxy */ = {
			isa = PBXContainerItemProxy;
			containerPortal = 7AAB4A2315C937F500C143CB /* PhFacebook.xcodeproj */;
			proxyType = 2;
			remoteGlobalIDString = 8DC2EF5B0486A6940098B216;
			remoteInfo = PhFacebook;
		};
/* End PBXContainerItemProxy section */

/* Begin PBXCopyFilesBuildPhase section */
		7A93D90615C9388400345F08 /* CopyFiles */ = {
			isa = PBXCopyFilesBuildPhase;
			buildActionMask = 2147483647;
			dstPath = "";
			dstSubfolderSpec = 10;
			files = (
				7A93D90715C9389400345F08 /* PhFacebook.framework in CopyFiles */,
			);
			runOnlyForDeploymentPostprocessing = 0;
		};
/* End PBXCopyFilesBuildPhase section */

/* Begin PBXFileReference section */
		7A045F8715C67604002D78CA /* Facebook.app */ = {isa = PBXFileReference; explicitFileType = wrapper.application; includeInIndex = 0; path = Facebook.app; sourceTree = BUILT_PRODUCTS_DIR; };
		7A045F8B15C67604002D78CA /* Cocoa.framework */ = {isa = PBXFileReference; lastKnownFileType = wrapper.framework; name = Cocoa.framework; path = System/Library/Frameworks/Cocoa.framework; sourceTree = SDKROOT; };
		7A045F8E15C67604002D78CA /* AppKit.framework */ = {isa = PBXFileReference; lastKnownFileType = wrapper.framework; name = AppKit.framework; path = System/Library/Frameworks/AppKit.framework; sourceTree = SDKROOT; };
		7A045F8F15C67604002D78CA /* CoreData.framework */ = {isa = PBXFileReference; lastKnownFileType = wrapper.framework; name = CoreData.framework; path = System/Library/Frameworks/CoreData.framework; sourceTree = SDKROOT; };
		7A045F9015C67604002D78CA /* Foundation.framework */ = {isa = PBXFileReference; lastKnownFileType = wrapper.framework; name = Foundation.framework; path = System/Library/Frameworks/Foundation.framework; sourceTree = SDKROOT; };
		7A045F9315C67604002D78CA /* Facebook-Info.plist */ = {isa = PBXFileReference; lastKnownFileType = text.plist.xml; path = "Facebook-Info.plist"; sourceTree = "<group>"; };
		7A045F9515C67604002D78CA /* en */ = {isa = PBXFileReference; lastKnownFileType = text.plist.strings; name = en; path = en.lproj/InfoPlist.strings; sourceTree = "<group>"; };
		7A045F9715C67604002D78CA /* main.m */ = {isa = PBXFileReference; lastKnownFileType = sourcecode.c.objc; path = main.m; sourceTree = "<group>"; };
		7A045F9915C67604002D78CA /* Facebook-Prefix.pch */ = {isa = PBXFileReference; lastKnownFileType = sourcecode.c.h; path = "Facebook-Prefix.pch"; sourceTree = "<group>"; };
		7A045F9B15C67604002D78CA /* en */ = {isa = PBXFileReference; lastKnownFileType = text.rtf; name = en; path = en.lproj/Credits.rtf; sourceTree = "<group>"; };
		7A045F9D15C67604002D78CA /* AFAppDelegate.h */ = {isa = PBXFileReference; lastKnownFileType = sourcecode.c.h; path = AFAppDelegate.h; sourceTree = "<group>"; };
		7A045F9E15C67604002D78CA /* AFAppDelegate.m */ = {isa = PBXFileReference; lastKnownFileType = sourcecode.c.objc; path = AFAppDelegate.m; sourceTree = "<group>"; };
		7A045FA115C67604002D78CA /* en */ = {isa = PBXFileReference; lastKnownFileType = file.xib; name = en; path = en.lproj/MainMenu.xib; sourceTree = "<group>"; };
		7A09CB7515C695C700747FCA /* FacebookIcon.icns */ = {isa = PBXFileReference; lastKnownFileType = image.icns; path = FacebookIcon.icns; sourceTree = "<group>"; };
		7A3CB38715C7ACD50009B0DB /* FacebookNotification.h */ = {isa = PBXFileReference; fileEncoding = 4; lastKnownFileType = sourcecode.c.h; path = FacebookNotification.h; sourceTree = "<group>"; };
		7A3CB38815C7ACD50009B0DB /* FacebookNotification.m */ = {isa = PBXFileReference; fileEncoding = 4; lastKnownFileType = sourcecode.c.objc; path = FacebookNotification.m; sourceTree = "<group>"; };
		7A577C7115C6ACB600D78DBB /* fb_connected.png */ = {isa = PBXFileReference; lastKnownFileType = image.png; path = fb_connected.png; sourceTree = "<group>"; };
		7A577C7215C6ACB600D78DBB /* fb_offline.png */ = {isa = PBXFileReference; lastKnownFileType = image.png; path = fb_offline.png; sourceTree = "<group>"; };
		7AAB4A2315C937F500C143CB /* PhFacebook.xcodeproj */ = {isa = PBXFileReference; lastKnownFileType = "wrapper.pb-project"; name = PhFacebook.xcodeproj; path = PhFacebook/PhFacebook.xcodeproj; sourceTree = "<group>"; };
		7ADB1D8E15C9320C00EF983C /* Readme.md */ = {isa = PBXFileReference; fileEncoding = 4; lastKnownFileType = text; path = Readme.md; sourceTree = SOURCE_ROOT; };
/* End PBXFileReference section */

/* Begin PBXFrameworksBuildPhase section */
		7A045F8415C67604002D78CA /* Frameworks */ = {
			isa = PBXFrameworksBuildPhase;
			buildActionMask = 2147483647;
			files = (
				7A93D90515C9383D00345F08 /* PhFacebook.framework in Frameworks */,
				7A045F8C15C67604002D78CA /* Cocoa.framework in Frameworks */,
			);
			runOnlyForDeploymentPostprocessing = 0;
		};
/* End PBXFrameworksBuildPhase section */

/* Begin PBXGroup section */
		7A045F7C15C67604002D78CA = {
			isa = PBXGroup;
			children = (
				7AAB4A2315C937F500C143CB /* PhFacebook.xcodeproj */,
				7ADB1D8E15C9320C00EF983C /* Readme.md */,
				7A045F9115C67604002D78CA /* Facebook */,
				7AB56A8815C7E69400C7D8AC /* Interface */,
				7A045F8A15C67604002D78CA /* Frameworks */,
				7A045F8815C67604002D78CA /* Products */,
				7A577C7015C6AC7E00D78DBB /* Resources */,
			);
			sourceTree = "<group>";
		};
		7A045F8815C67604002D78CA /* Products */ = {
			isa = PBXGroup;
			children = (
				7A045F8715C67604002D78CA /* Facebook.app */,
			);
			name = Products;
			sourceTree = "<group>";
		};
		7A045F8A15C67604002D78CA /* Frameworks */ = {
			isa = PBXGroup;
			children = (
				7A045F8B15C67604002D78CA /* Cocoa.framework */,
				7A045F8D15C67604002D78CA /* Other Frameworks */,
			);
			name = Frameworks;
			sourceTree = "<group>";
		};
		7A045F8D15C67604002D78CA /* Other Frameworks */ = {
			isa = PBXGroup;
			children = (
				7A045F8E15C67604002D78CA /* AppKit.framework */,
				7A045F8F15C67604002D78CA /* CoreData.framework */,
				7A045F9015C67604002D78CA /* Foundation.framework */,
			);
			name = "Other Frameworks";
			sourceTree = "<group>";
		};
		7A045F9115C67604002D78CA /* Facebook */ = {
			isa = PBXGroup;
			children = (
				7AB56A8315C7E14300C7D8AC /* Controllers */,
				7AB56A8515C7E16700C7D8AC /* Models */,
				7A045F9215C67604002D78CA /* Supporting Files */,
			);
			name = Facebook;
			path = source;
			sourceTree = "<group>";
		};
		7A045F9215C67604002D78CA /* Supporting Files */ = {
			isa = PBXGroup;
			children = (
				7A045F9315C67604002D78CA /* Facebook-Info.plist */,
				7A045F9415C67604002D78CA /* InfoPlist.strings */,
				7A045F9715C67604002D78CA /* main.m */,
				7A045F9915C67604002D78CA /* Facebook-Prefix.pch */,
				7A045F9A15C67604002D78CA /* Credits.rtf */,
			);
			name = "Supporting Files";
			sourceTree = "<group>";
		};
		7A577C7015C6AC7E00D78DBB /* Resources */ = {
			isa = PBXGroup;
			children = (
				7A09CB7515C695C700747FCA /* FacebookIcon.icns */,
				7A577C7115C6ACB600D78DBB /* fb_connected.png */,
				7A577C7215C6ACB600D78DBB /* fb_offline.png */,
			);
			name = Resources;
			path = resources;
			sourceTree = "<group>";
		};
		7AAB4A2415C937F500C143CB /* Products */ = {
			isa = PBXGroup;
			children = (
				7AAB4A2815C937F500C143CB /* PhFacebook.framework */,
			);
			name = Products;
			sourceTree = "<group>";
		};
		7AB56A8315C7E14300C7D8AC /* Controllers */ = {
			isa = PBXGroup;
			children = (
				7A045F9D15C67604002D78CA /* AFAppDelegate.h */,
				7A045F9E15C67604002D78CA /* AFAppDelegate.m */,
			);
			name = Controllers;
			sourceTree = "<group>";
		};
		7AB56A8515C7E16700C7D8AC /* Models */ = {
			isa = PBXGroup;
			children = (
				7A3CB38715C7ACD50009B0DB /* FacebookNotification.h */,
				7A3CB38815C7ACD50009B0DB /* FacebookNotification.m */,
			);
			name = Models;
			sourceTree = "<group>";
		};
		7AB56A8815C7E69400C7D8AC /* Interface */ = {
			isa = PBXGroup;
			children = (
				7A045FA015C67604002D78CA /* MainMenu.xib */,
			);
			name = Interface;
			sourceTree = "<group>";
		};
/* End PBXGroup section */

/* Begin PBXNativeTarget section */
		7A045F8615C67604002D78CA /* Facebook */ = {
			isa = PBXNativeTarget;
			buildConfigurationList = 7A045FA515C67604002D78CA /* Build configuration list for PBXNativeTarget "Facebook" */;
			buildPhases = (
				7A045F8315C67604002D78CA /* Sources */,
				7A045F8415C67604002D78CA /* Frameworks */,
				7A045F8515C67604002D78CA /* Resources */,
				7ADB1D8D15C928A600EF983C /* ShellScript */,
				7A93D90615C9388400345F08 /* CopyFiles */,
			);
			buildRules = (
			);
			dependencies = (
			);
			name = Facebook;
			productName = "FB Notify";
			productReference = 7A045F8715C67604002D78CA /* Facebook.app */;
			productType = "com.apple.product-type.application";
		};
/* End PBXNativeTarget section */

/* Begin PBXProject section */
		7A045F7E15C67604002D78CA /* Project object */ = {
			isa = PBXProject;
			attributes = {
				CLASSPREFIX = AF;
				LastUpgradeCheck = 0440;
				ORGANIZATIONNAME = "Adrien Friggeri";
			};
			buildConfigurationList = 7A045F8115C67604002D78CA /* Build configuration list for PBXProject "Facebook" */;
			compatibilityVersion = "Xcode 3.2";
			developmentRegion = English;
			hasScannedForEncodings = 0;
			knownRegions = (
				en,
			);
			mainGroup = 7A045F7C15C67604002D78CA;
			productRefGroup = 7A045F8815C67604002D78CA /* Products */;
			projectDirPath = "";
			projectReferences = (
				{
					ProductGroup = 7AAB4A2415C937F500C143CB /* Products */;
					ProjectRef = 7AAB4A2315C937F500C143CB /* PhFacebook.xcodeproj */;
				},
			);
			projectRoot = "";
			targets = (
				7A045F8615C67604002D78CA /* Facebook */,
			);
		};
/* End PBXProject section */

/* Begin PBXReferenceProxy section */
		7AAB4A2815C937F500C143CB /* PhFacebook.framework */ = {
			isa = PBXReferenceProxy;
			fileType = wrapper.framework;
			path = PhFacebook.framework;
			remoteRef = 7AAB4A2715C937F500C143CB /* PBXContainerItemProxy */;
			sourceTree = BUILT_PRODUCTS_DIR;
		};
/* End PBXReferenceProxy section */

/* Begin PBXResourcesBuildPhase section */
		7A045F8515C67604002D78CA /* Resources */ = {
			isa = PBXResourcesBuildPhase;
			buildActionMask = 2147483647;
			files = (
				7A045F9615C67604002D78CA /* InfoPlist.strings in Resources */,
				7A045F9C15C67604002D78CA /* Credits.rtf in Resources */,
				7A045FA215C67604002D78CA /* MainMenu.xib in Resources */,
				7A09CB7615C695C700747FCA /* FacebookIcon.icns in Resources */,
				7A577C7315C6ACB600D78DBB /* fb_connected.png in Resources */,
				7A577C7415C6ACB600D78DBB /* fb_offline.png in Resources */,
				7ADB1D8F15C9320C00EF983C /* Readme.md in Resources */,
			);
			runOnlyForDeploymentPostprocessing = 0;
		};
/* End PBXResourcesBuildPhase section */

/* Begin PBXShellScriptBuildPhase section */
		7ADB1D8D15C928A600EF983C /* ShellScript */ = {
			isa = PBXShellScriptBuildPhase;
			buildActionMask = 2147483647;
			files = (
			);
			inputPaths = (
			);
			outputPaths = (
			);
			runOnlyForDeploymentPostprocessing = 0;
			shellPath = /bin/sh;
			shellScript = "#!/bin/bash\nbuildNumber=$(/usr/libexec/PlistBuddy -c \"Print CFBundleVersion\" \"$INFOPLIST_FILE\")\nbuildNumber=$(($buildNumber + 1))\n/usr/libexec/PlistBuddy -c \"Set :CFBundleVersion $buildNumber\" \"$INFOPLIST_FILE\"";
		};
/* End PBXShellScriptBuildPhase section */

/* Begin PBXSourcesBuildPhase section */
		7A045F8315C67604002D78CA /* Sources */ = {
			isa = PBXSourcesBuildPhase;
			buildActionMask = 2147483647;
			files = (
				7A045F9815C67604002D78CA /* main.m in Sources */,
				7A045F9F15C67604002D78CA /* AFAppDelegate.m in Sources */,
				7A3CB38915C7ACD50009B0DB /* FacebookNotification.m in Sources */,
			);
			runOnlyForDeploymentPostprocessing = 0;
		};
/* End PBXSourcesBuildPhase section */

/* Begin PBXVariantGroup section */
		7A045F9415C67604002D78CA /* InfoPlist.strings */ = {
			isa = PBXVariantGroup;
			children = (
				7A045F9515C67604002D78CA /* en */,
			);
			name = InfoPlist.strings;
			sourceTree = "<group>";
		};
		7A045F9A15C67604002D78CA /* Credits.rtf */ = {
			isa = PBXVariantGroup;
			children = (
				7A045F9B15C67604002D78CA /* en */,
			);
			name = Credits.rtf;
			sourceTree = "<group>";
		};
		7A045FA015C67604002D78CA /* MainMenu.xib */ = {
			isa = PBXVariantGroup;
			children = (
				7A045FA115C67604002D78CA /* en */,
			);
			name = MainMenu.xib;
			path = source;
			sourceTree = "<group>";
		};
/* End PBXVariantGroup section */

/* Begin XCBuildConfiguration section */
		7A045FA315C67604002D78CA /* Debug */ = {
			isa = XCBuildConfiguration;
			buildSettings = {
				ALWAYS_SEARCH_USER_PATHS = NO;
				ARCHS = "$(ARCHS_STANDARD_64_BIT)";
				CLANG_CXX_LANGUAGE_STANDARD = "gnu++0x";
				CLANG_ENABLE_OBJC_ARC = YES;
				CLANG_WARN__DUPLICATE_METHOD_MATCH = YES;
				COPY_PHASE_STRIP = NO;
				GCC_C_LANGUAGE_STANDARD = gnu99;
				GCC_DYNAMIC_NO_PIC = NO;
				GCC_ENABLE_OBJC_EXCEPTIONS = YES;
				GCC_OPTIMIZATION_LEVEL = 0;
				GCC_PREPROCESSOR_DEFINITIONS = (
					"DEBUG=1",
					"$(inherited)",
				);
				GCC_SYMBOLS_PRIVATE_EXTERN = NO;
				GCC_WARN_64_TO_32_BIT_CONVERSION = YES;
				GCC_WARN_ABOUT_RETURN_TYPE = YES;
				GCC_WARN_UNINITIALIZED_AUTOS = YES;
				GCC_WARN_UNUSED_VARIABLE = YES;
				MACOSX_DEPLOYMENT_TARGET = 10.8;
				ONLY_ACTIVE_ARCH = YES;
				SDKROOT = macosx;
			};
			name = Debug;
		};
		7A045FA415C67604002D78CA /* Release */ = {
			isa = XCBuildConfiguration;
			buildSettings = {
				ALWAYS_SEARCH_USER_PATHS = NO;
				ARCHS = "$(ARCHS_STANDARD_64_BIT)";
				CLANG_CXX_LANGUAGE_STANDARD = "gnu++0x";
				CLANG_ENABLE_OBJC_ARC = YES;
				CLANG_WARN__DUPLICATE_METHOD_MATCH = YES;
				COPY_PHASE_STRIP = YES;
				DEBUG_INFORMATION_FORMAT = "dwarf-with-dsym";
				GCC_C_LANGUAGE_STANDARD = gnu99;
				GCC_ENABLE_OBJC_EXCEPTIONS = YES;
				GCC_WARN_64_TO_32_BIT_CONVERSION = YES;
				GCC_WARN_ABOUT_RETURN_TYPE = YES;
				GCC_WARN_UNINITIALIZED_AUTOS = YES;
				GCC_WARN_UNUSED_VARIABLE = YES;
				MACOSX_DEPLOYMENT_TARGET = 10.8;
				SDKROOT = macosx;
			};
			name = Release;
		};
		7A045FA615C67604002D78CA /* Debug */ = {
			isa = XCBuildConfiguration;
			buildSettings = {
				COMBINE_HIDPI_IMAGES = YES;
				FRAMEWORK_SEARCH_PATHS = (
					"$(inherited)",
					"\"$(SRCROOT)\"",
				);
				GCC_PRECOMPILE_PREFIX_HEADER = YES;
				GCC_PREFIX_HEADER = "source/Facebook-Prefix.pch";
				INFOPLIST_FILE = "$(SRCROOT)/source/Facebook-Info.plist";
				LD_RUNPATH_SEARCH_PATHS = "@loader_path/../Frameworks";
				PRODUCT_NAME = Facebook;
				WRAPPER_EXTENSION = app;
			};
			name = Debug;
		};
		7A045FA715C67604002D78CA /* Release */ = {
			isa = XCBuildConfiguration;
			buildSettings = {
				COMBINE_HIDPI_IMAGES = YES;
				FRAMEWORK_SEARCH_PATHS = (
					"$(inherited)",
					"\"$(SRCROOT)\"",
				);
				GCC_PRECOMPILE_PREFIX_HEADER = YES;
				GCC_PREFIX_HEADER = "source/Facebook-Prefix.pch";
				INFOPLIST_FILE = "$(SRCROOT)/source/Facebook-Info.plist";
				LD_RUNPATH_SEARCH_PATHS = "@loader_path/../Frameworks";
				PRODUCT_NAME = Facebook;
				WRAPPER_EXTENSION = app;
			};
			name = Release;
		};
/* End XCBuildConfiguration section */

/* Begin XCConfigurationList section */
		7A045F8115C67604002D78CA /* Build configuration list for PBXProject "Facebook" */ = {
			isa = XCConfigurationList;
			buildConfigurations = (
				7A045FA315C67604002D78CA /* Debug */,
				7A045FA415C67604002D78CA /* Release */,
			);
			defaultConfigurationIsVisible = 0;
			defaultConfigurationName = Release;
		};
		7A045FA515C67604002D78CA /* Build configuration list for PBXNativeTarget "Facebook" */ = {
			isa = XCConfigurationList;
			buildConfigurations = (
				7A045FA615C67604002D78CA /* Debug */,
				7A045FA715C67604002D78CA /* Release */,
			);
			defaultConfigurationIsVisible = 0;
			defaultConfigurationName = Release;
		};
/* End XCConfigurationList section */
	};
	rootObject = 7A045F7E15C67604002D78CA /* Project object */;
}
